
Microsoft Visual Studio Solution File, Format Version 12.00
# Visual Studio Version 17
VisualStudioVersion = 17.2.32616.157
MinimumVisualStudioVersion = 10.0.40219.1
Project("{FAE04EC0-301F-11D3-BF4B-00C04F79EFBC}") = "Lab0101_2019", "Lab0101_2019\Lab0101_2019.csproj", "{DF228EE1-DD00-4B36-BD89-6F326777DA27}"
EndProject
Project("{FAE04EC0-301F-11D3-BF4B-00C04F79EFBC}") = "Lab0201_2019", "Lab0201_2019\Lab0201_2019.csproj", "{FC39AF2B-AF3A-4086-A6FC-A3414438111B}"
EndProject
Project("{FAE04EC0-301F-11D3-BF4B-00C04F79EFBC}") = "Lab0202_2019", "Lab0202_2019\Lab0202_2019.csproj", "{38D16FAA-021E-4106-8BB0-E69639E77667}"
EndProject
Project("{FAE04EC0-301F-11D3-BF4B-00C04F79EFBC}") = "Lab0203_2019", "Lab0203_2019\Lab0203_2019.csproj", "{C835868E-FF24-4C73-9826-0667B3A481B9}"
EndProject
Project("{FAE04EC0-301F-11D3-BF4B-00C04F79EFBC}") = "Lab0204_2019", "Lab0204_2019\Lab0204_2019.csproj", "{3BD1E510-3F7A-4F2D-9E18-A5E720E0D835}"
EndProject
Project("{FAE04EC0-301F-11D3-BF4B-00C04F79EFBC}") = "Lab0206_2019", "Lab0206_2019\Lab0206_2019.csproj", "{C1BE3C32-6C45-493D-9D44-48A09B1248F4}"
EndProject
Project("{FAE04EC0-301F-11D3-BF4B-00C04F79EFBC}") = "Lab0301_2019", "Lab0301_2019\Lab0301_2019.csproj", "{75231D83-8333-47E8-83F6-2A9000D9EC71}"
EndProject
Project("{FAE04EC0-301F-11D3-BF4B-00C04F79EFBC}") = "Lab0302_2019", "Lab0302_2019\Lab0302_2019.csproj", "{F4180809-81B8-41CA-ADAE-B95004293302}"
EndProject
Project("{FAE04EC0-301F-11D3-BF4B-00C04F79EFBC}") = "Lab0303_2019", "Lab0303_2019\Lab0303_2019.csproj", "{4BCD64E3-9A7B-48B9-87D6-8E2DED963D34}"
EndProject
Project("{FAE04EC0-301F-11D3-BF4B-00C04F79EFBC}") = "Lab0401_2019", "Lab0401_2019\Lab0401_2019.csproj", "{80C8381C-5E59-43A1-806D-ABF03EC11FA7}"
EndProject
Project("{FAE04EC0-301F-11D3-BF4B-00C04F79EFBC}") = "Lab0501_2019", "Lab0501_2019\Lab0501_2019.csproj", "{C4E46BF5-FF38-44D2-9C2D-68CD2F7FE31D}"
EndProject
Project("{FAE04EC0-301F-11D3-BF4B-00C04F79EFBC}") = "SimpelDLL", "SimpelDLL\SimpelDLL.csproj", "{B5089B45-3DF7-4C23-A4F6-69D5997890CE}"
EndProject
Project("{FAE04EC0-301F-11D3-BF4B-00C04F79EFBC}") = "WindowsFormsAppDLL", "WindowsFormsAppDLL\WindowsFormsAppDLL.csproj", "{71F318AE-7485-4FC7-A732-E82A21C3A2C7}"
EndProject
Project("{FAE04EC0-301F-11D3-BF4B-00C04F79EFBC}") = "Calculate_area_circle", "Calculate_area_circle\Calculate_area_circle.csproj", "{27238B94-124D-4798-9CA8-B69BF58889E6}"
EndProject
Project("{FAE04EC0-301F-11D3-BF4B-00C04F79EFBC}") = "ReadQRCode", "ReadQRCode\ReadQRCode.csproj", "{9111D368-2878-47CE-9E1F-D528A7E0B83D}"
EndProject
Global
	GlobalSection(SolutionConfigurationPlatforms) = preSolution
		Debug|Any CPU = Debug|Any CPU
		Release|Any CPU = Release|Any CPU
	EndGlobalSection
	GlobalSection(ProjectConfigurationPlatforms) = postSolution
		{DF228EE1-DD00-4B36-BD89-6F326777DA27}.Debug|Any CPU.ActiveCfg = Debug|Any CPU
		{DF228EE1-DD00-4B36-BD89-6F326777DA27}.Debug|Any CPU.Build.0 = Debug|Any CPU
		{DF228EE1-DD00-4B36-BD89-6F326777DA27}.Release|Any CPU.ActiveCfg = Release|Any CPU
		{DF228EE1-DD00-4B36-BD89-6F326777DA27}.Release|Any CPU.Build.0 = Release|Any CPU
		{FC39AF2B-AF3A-4086-A6FC-A3414438111B}.Debug|Any CPU.ActiveCfg = Debug|Any CPU
		{FC39AF2B-AF3A-4086-A6FC-A3414438111B}.Debug|Any CPU.Build.0 = Debug|Any CPU
		{FC39AF2B-AF3A-4086-A6FC-A3414438111B}.Release|Any CPU.ActiveCfg = Release|Any CPU
		{FC39AF2B-AF3A-4086-A6FC-A3414438111B}.Release|Any CPU.Build.0 = Release|Any CPU
		{38D16FAA-021E-4106-8BB0-E69639E77667}.Debug|Any CPU.ActiveCfg = Debug|Any CPU
		{38D16FAA-021E-4106-8BB0-E69639E77667}.Debug|Any CPU.Build.0 = Debug|Any CPU
		{38D16FAA-021E-4106-8BB0-E69639E77667}.Release|Any CPU.ActiveCfg = Release|Any CPU
		{38D16FAA-021E-4106-8BB0-E69639E77667}.Release|Any CPU.Build.0 = Release|Any CPU
		{C835868E-FF24-4C73-9826-0667B3A481B9}.Debug|Any CPU.ActiveCfg = Debug|Any CPU
		{C835868E-FF24-4C73-9826-0667B3A481B9}.Debug|Any CPU.Build.0 = Debug|Any CPU
		{C835868E-FF24-4C73-9826-0667B3A481B9}.Release|Any CPU.ActiveCfg = Release|Any CPU
		{C835868E-FF24-4C73-9826-0667B3A481B9}.Release|Any CPU.Build.0 = Release|Any CPU
		{3BD1E510-3F7A-4F2D-9E18-A5E720E0D835}.Debug|Any CPU.ActiveCfg = Debug|Any CPU
		{3BD1E510-3F7A-4F2D-9E18-A5E720E0D835}.Debug|Any CPU.Build.0 = Debug|Any CPU
		{3BD1E510-3F7A-4F2D-9E18-A5E720E0D835}.Release|Any CPU.ActiveCfg = Release|Any CPU
		{3BD1E510-3F7A-4F2D-9E18-A5E720E0D835}.Release|Any CPU.Build.0 = Release|Any CPU
		{C1BE3C32-6C45-493D-9D44-48A09B1248F4}.Debug|Any CPU.ActiveCfg = Debug|Any CPU
		{C1BE3C32-6C45-493D-9D44-48A09B1248F4}.Debug|Any CPU.Build.0 = Debug|Any CPU
		{C1BE3C32-6C45-493D-9D44-48A09B1248F4}.Release|Any CPU.ActiveCfg = Release|Any CPU
		{C1BE3C32-6C45-493D-9D44-48A09B1248F4}.Release|Any CPU.Build.0 = Release|Any CPU
		{75231D83-8333-47E8-83F6-2A9000D9EC71}.Debug|Any CPU.ActiveCfg = Debug|Any CPU
		{75231D83-8333-47E8-83F6-2A9000D9EC71}.Debug|Any CPU.Build.0 = Debug|Any CPU
		{75231D83-8333-47E8-83F6-2A9000D9EC71}.Release|Any CPU.ActiveCfg = Release|Any CPU
		{75231D83-8333-47E8-83F6-2A9000D9EC71}.Release|Any CPU.Build.0 = Release|Any CPU
		{F4180809-81B8-41CA-ADAE-B95004293302}.Debug|Any CPU.ActiveCfg = Debug|Any CPU
		{F4180809-81B8-41CA-ADAE-B95004293302}.Debug|Any CPU.Build.0 = Debug|Any CPU
		{F4180809-81B8-41CA-ADAE-B95004293302}.Release|Any CPU.ActiveCfg = Release|Any CPU
		{F4180809-81B8-41CA-ADAE-B95004293302}.Release|Any CPU.Build.0 = Release|Any CPU
		{4BCD64E3-9A7B-48B9-87D6-8E2DED963D34}.Debug|Any CPU.ActiveCfg = Debug|Any CPU
		{4BCD64E3-9A7B-48B9-87D6-8E2DED963D34}.Debug|Any CPU.Build.0 = Debug|Any CPU
		{4BCD64E3-9A7B-48B9-87D6-8E2DED963D34}.Release|Any CPU.ActiveCfg = Release|Any CPU
		{4BCD64E3-9A7B-48B9-87D6-8E2DED963D34}.Release|Any CPU.Build.0 = Release|Any CPU
		{80C8381C-5E59-43A1-806D-ABF03EC11FA7}.Debug|Any CPU.ActiveCfg = Debug|Any CPU
		{80C8381C-5E59-43A1-806D-ABF03EC11FA7}.Debug|Any CPU.Build.0 = Debug|Any CPU
		{80C8381C-5E59-43A1-806D-ABF03EC11FA7}.Release|Any CPU.ActiveCfg = Release|Any CPU
		{80C8381C-5E59-43A1-806D-ABF03EC11FA7}.Release|Any CPU.Build.0 = Release|Any CPU
		{C4E46BF5-FF38-44D2-9C2D-68CD2F7FE31D}.Debug|Any CPU.ActiveCfg = Debug|Any CPU
		{C4E46BF5-FF38-44D2-9C2D-68CD2F7FE31D}.Debug|Any CPU.Build.0 = Debug|Any CPU
		{C4E46BF5-FF38-44D2-9C2D-68CD2F7FE31D}.Release|Any CPU.ActiveCfg = Release|Any CPU
		{C4E46BF5-FF38-44D2-9C2D-68CD2F7FE31D}.Release|Any CPU.Build.0 = Release|Any CPU
		{B5089B45-3DF7-4C23-A4F6-69D5997890CE}.Debug|Any CPU.ActiveCfg = Debug|Any CPU
		{B5089B45-3DF7-4C23-A4F6-69D5997890CE}.Debug|Any CPU.Build.0 = Debug|Any CPU
		{B5089B45-3DF7-4C23-A4F6-69D5997890CE}.Release|Any CPU.ActiveCfg = Release|Any CPU
		{B5089B45-3DF7-4C23-A4F6-69D5997890CE}.Release|Any CPU.Build.0 = Release|Any CPU
		{71F318AE-7485-4FC7-A732-E82A21C3A2C7}.Debug|Any CPU.ActiveCfg = Debug|Any CPU
		{71F318AE-7485-4FC7-A732-E82A21C3A2C7}.Debug|Any CPU.Build.0 = Debug|Any CPU
		{71F318AE-7485-4FC7-A732-E82A21C3A2C7}.Release|Any CPU.ActiveCfg = Release|Any CPU
		{71F318AE-7485-4FC7-A732-E82A21C3A2C7}.Release|Any CPU.Build.0 = Release|Any CPU
		{27238B94-124D-4798-9CA8-B69BF58889E6}.Debug|Any CPU.ActiveCfg = Debug|Any CPU
		{27238B94-124D-4798-9CA8-B69BF58889E6}.Debug|Any CPU.Build.0 = Debug|Any CPU
		{27238B94-124D-4798-9CA8-B69BF58889E6}.Release|Any CPU.ActiveCfg = Release|Any CPU
		{27238B94-124D-4798-9CA8-B69BF58889E6}.Release|Any CPU.Build.0 = Release|Any CPU
		{9111D368-2878-47CE-9E1F-D528A7E0B83D}.Debug|Any CPU.ActiveCfg = Debug|Any CPU
		{9111D368-2878-47CE-9E1F-D528A7E0B83D}.Debug|Any CPU.Build.0 = Debug|Any CPU
		{9111D368-2878-47CE-9E1F-D528A7E0B83D}.Release|Any CPU.ActiveCfg = Release|Any CPU
		{9111D368-2878-47CE-9E1F-D528A7E0B83D}.Release|Any CPU.Build.0 = Release|Any CPU
	EndGlobalSection
	GlobalSection(SolutionProperties) = preSolution
		HideSolutionNode = FALSE
	EndGlobalSection
	GlobalSection(ExtensibilityGlobals) = postSolution
		SolutionGuid = {ABF3D854-8317-4522-A4C3-32B4F352324B}
	EndGlobalSection
EndGlobal
